
Microsoft Visual Studio Solution File, Format Version 12.00
# Visual Studio Version 17
VisualStudioVersion = 17.4.33213.308
MinimumVisualStudioVersion = 10.0.40219.1
Project("{FAE04EC0-301F-11D3-BF4B-00C04F79EFBC}") = "SimpleApi", "SimpleApi\SimpleApi.csproj", "{72883CCF-EA8D-406B-A050-D058D18A9DD3}"
EndProject
Project("{FAE04EC0-301F-11D3-BF4B-00C04F79EFBC}") = "SimpleDataAccess", "SimpleDataAccess\SimpleDataAccess.csproj", "{2F48F8E8-4D41-431C-A1ED-DC4EBAD6DD88}"
EndProject
Project("{2150E333-8FDC-42A3-9474-1A3956D46DE8}") = "Models", "Models", "{E0D48955-BE2F-47A8-A381-726B389FA642}"
EndProject
Project("{FAE04EC0-301F-11D3-BF4B-00C04F79EFBC}") = "SimpleModelos", "SimpleModelos\SimpleModelos.csproj", "{39B1EE3E-AA0C-4398-8963-0A63ADB3C557}"
EndProject
Project("{2150E333-8FDC-42A3-9474-1A3956D46DE8}") = "Data", "Data", "{501FF728-08CB-46AE-BF7B-14A6FE873B89}"
EndProject
Project("{2150E333-8FDC-42A3-9474-1A3956D46DE8}") = "Api", "Api", "{5B25A331-56E7-453B-B3E5-AB6C4D675487}"
EndProject
Project("{2150E333-8FDC-42A3-9474-1A3956D46DE8}") = "Web", "Web", "{85B3F879-223D-4090-B028-1E377EC4F5FE}"
EndProject
Project("{2150E333-8FDC-42A3-9474-1A3956D46DE8}") = "Interfaces", "Interfaces", "{852B5AF3-FFF8-4080-8637-7240BE2FA9C2}"
EndProject
Project("{FAE04EC0-301F-11D3-BF4B-00C04F79EFBC}") = "SimpleInterfaces", "SimpleInterfaces\SimpleInterfaces.csproj", "{36FC274B-3E7F-49DD-AD40-BCD22CDDECA6}"
EndProject
Project("{2150E333-8FDC-42A3-9474-1A3956D46DE8}") = "Logica", "Logica", "{CEF717FE-7234-49D8-9C5A-34314E38A4D4}"
EndProject
Project("{FAE04EC0-301F-11D3-BF4B-00C04F79EFBC}") = "SimpleLogica", "SimpleLogica\SimpleLogica.csproj", "{886B76D8-3F51-49DF-9F34-5C6185DA76BC}"
EndProject
Project("{FAE04EC0-301F-11D3-BF4B-00C04F79EFBC}") = "SimpleApiResponse", "SimpleApiResponse\SimpleApiResponse.csproj", "{FD05B313-ABD5-42B7-9280-325D9F761925}"
EndProject
Project("{FAE04EC0-301F-11D3-BF4B-00C04F79EFBC}") = "SimpleBlazorApp", "SimpleBlazorApp\SimpleBlazorApp.csproj", "{BB3D54B0-B356-458A-8589-C1266545BE75}"
EndProject
Project("{FAE04EC0-301F-11D3-BF4B-00C04F79EFBC}") = "SimpleComponetsBlazor", "SimpleComponetsBlazor\SimpleComponetsBlazor.csproj", "{021BC008-EA90-4A05-8879-E2F70E4C3C32}"
EndProject
Global
	GlobalSection(SolutionConfigurationPlatforms) = preSolution
		Debug|Any CPU = Debug|Any CPU
		Release|Any CPU = Release|Any CPU
	EndGlobalSection
	GlobalSection(ProjectConfigurationPlatforms) = postSolution
		{72883CCF-EA8D-406B-A050-D058D18A9DD3}.Debug|Any CPU.ActiveCfg = Debug|Any CPU
		{72883CCF-EA8D-406B-A050-D058D18A9DD3}.Debug|Any CPU.Build.0 = Debug|Any CPU
		{72883CCF-EA8D-406B-A050-D058D18A9DD3}.Release|Any CPU.ActiveCfg = Release|Any CPU
		{72883CCF-EA8D-406B-A050-D058D18A9DD3}.Release|Any CPU.Build.0 = Release|Any CPU
		{2F48F8E8-4D41-431C-A1ED-DC4EBAD6DD88}.Debug|Any CPU.ActiveCfg = Debug|Any CPU
		{2F48F8E8-4D41-431C-A1ED-DC4EBAD6DD88}.Debug|Any CPU.Build.0 = Debug|Any CPU
		{2F48F8E8-4D41-431C-A1ED-DC4EBAD6DD88}.Release|Any CPU.ActiveCfg = Release|Any CPU
		{2F48F8E8-4D41-431C-A1ED-DC4EBAD6DD88}.Release|Any CPU.Build.0 = Release|Any CPU
		{39B1EE3E-AA0C-4398-8963-0A63ADB3C557}.Debug|Any CPU.ActiveCfg = Debug|Any CPU
		{39B1EE3E-AA0C-4398-8963-0A63ADB3C557}.Debug|Any CPU.Build.0 = Debug|Any CPU
		{39B1EE3E-AA0C-4398-8963-0A63ADB3C557}.Release|Any CPU.ActiveCfg = Release|Any CPU
		{39B1EE3E-AA0C-4398-8963-0A63ADB3C557}.Release|Any CPU.Build.0 = Release|Any CPU
		{36FC274B-3E7F-49DD-AD40-BCD22CDDECA6}.Debug|Any CPU.ActiveCfg = Debug|Any CPU
		{36FC274B-3E7F-49DD-AD40-BCD22CDDECA6}.Debug|Any CPU.Build.0 = Debug|Any CPU
		{36FC274B-3E7F-49DD-AD40-BCD22CDDECA6}.Release|Any CPU.ActiveCfg = Release|Any CPU
		{36FC274B-3E7F-49DD-AD40-BCD22CDDECA6}.Release|Any CPU.Build.0 = Release|Any CPU
		{886B76D8-3F51-49DF-9F34-5C6185DA76BC}.Debug|Any CPU.ActiveCfg = Debug|Any CPU
		{886B76D8-3F51-49DF-9F34-5C6185DA76BC}.Debug|Any CPU.Build.0 = Debug|Any CPU
		{886B76D8-3F51-49DF-9F34-5C6185DA76BC}.Release|Any CPU.ActiveCfg = Release|Any CPU
		{886B76D8-3F51-49DF-9F34-5C6185DA76BC}.Release|Any CPU.Build.0 = Release|Any CPU
		{FD05B313-ABD5-42B7-9280-325D9F761925}.Debug|Any CPU.ActiveCfg = Debug|Any CPU
		{FD05B313-ABD5-42B7-9280-325D9F761925}.Debug|Any CPU.Build.0 = Debug|Any CPU
		{FD05B313-ABD5-42B7-9280-325D9F761925}.Release|Any CPU.ActiveCfg = Release|Any CPU
		{FD05B313-ABD5-42B7-9280-325D9F761925}.Release|Any CPU.Build.0 = Release|Any CPU
		{BB3D54B0-B356-458A-8589-C1266545BE75}.Debug|Any CPU.ActiveCfg = Debug|Any CPU
		{BB3D54B0-B356-458A-8589-C1266545BE75}.Debug|Any CPU.Build.0 = Debug|Any CPU
		{BB3D54B0-B356-458A-8589-C1266545BE75}.Release|Any CPU.ActiveCfg = Release|Any CPU
		{BB3D54B0-B356-458A-8589-C1266545BE75}.Release|Any CPU.Build.0 = Release|Any CPU
		{021BC008-EA90-4A05-8879-E2F70E4C3C32}.Debug|Any CPU.ActiveCfg = Debug|Any CPU
		{021BC008-EA90-4A05-8879-E2F70E4C3C32}.Debug|Any CPU.Build.0 = Debug|Any CPU
		{021BC008-EA90-4A05-8879-E2F70E4C3C32}.Release|Any CPU.ActiveCfg = Release|Any CPU
		{021BC008-EA90-4A05-8879-E2F70E4C3C32}.Release|Any CPU.Build.0 = Release|Any CPU
	EndGlobalSection
	GlobalSection(SolutionProperties) = preSolution
		HideSolutionNode = FALSE
	EndGlobalSection
	GlobalSection(NestedProjects) = preSolution
		{72883CCF-EA8D-406B-A050-D058D18A9DD3} = {5B25A331-56E7-453B-B3E5-AB6C4D675487}
		{2F48F8E8-4D41-431C-A1ED-DC4EBAD6DD88} = {501FF728-08CB-46AE-BF7B-14A6FE873B89}
		{39B1EE3E-AA0C-4398-8963-0A63ADB3C557} = {E0D48955-BE2F-47A8-A381-726B389FA642}
		{36FC274B-3E7F-49DD-AD40-BCD22CDDECA6} = {852B5AF3-FFF8-4080-8637-7240BE2FA9C2}
		{886B76D8-3F51-49DF-9F34-5C6185DA76BC} = {CEF717FE-7234-49D8-9C5A-34314E38A4D4}
		{FD05B313-ABD5-42B7-9280-325D9F761925} = {E0D48955-BE2F-47A8-A381-726B389FA642}
		{BB3D54B0-B356-458A-8589-C1266545BE75} = {85B3F879-223D-4090-B028-1E377EC4F5FE}
		{021BC008-EA90-4A05-8879-E2F70E4C3C32} = {85B3F879-223D-4090-B028-1E377EC4F5FE}
	EndGlobalSection
	GlobalSection(ExtensibilityGlobals) = postSolution
		SolutionGuid = {5DB1081C-FC20-42BF-8FBB-61540EF43D3C}
	EndGlobalSection
EndGlobal
